
Microsoft Visual Studio Solution File, Format Version 12.00
# Visual Studio Version 16
VisualStudioVersion = 16.0.31105.61
MinimumVisualStudioVersion = 10.0.40219.1
Project("{FAE04EC0-301F-11D3-BF4B-00C04F79EFBC}") = "WinFormsApp_FormatOutputBox_59028", "WinFormsApp_FormatOutputBox_59028.csproj", "{AEE66D64-D7E7-4188-9309-ABEA1FB61DDC}"
EndProject
Global
	GlobalSection(SolutionConfigurationPlatforms) = preSolution
		Debug|Any CPU = Debug|Any CPU
		Release|Any CPU = Release|Any CPU
	EndGlobalSection
	GlobalSection(ProjectConfigurationPlatforms) = postSolution
		{AEE66D64-D7E7-4188-9309-ABEA1FB61DDC}.Debug|Any CPU.ActiveCfg = Debug|Any CPU
		{AEE66D64-D7E7-4188-9309-ABEA1FB61DDC}.Debug|Any CPU.Build.0 = Debug|Any CPU
		{AEE66D64-D7E7-4188-9309-ABEA1FB61DDC}.Release|Any CPU.ActiveCfg = Release|Any CPU
		{AEE66D64-D7E7-4188-9309-ABEA1FB61DDC}.Release|Any CPU.Build.0 = Release|Any CPU
	EndGlobalSection
	GlobalSection(SolutionProperties) = preSolution
		HideSolutionNode = FALSE
	EndGlobalSection
	GlobalSection(ExtensibilityGlobals) = postSolution
		SolutionGuid = {4320D078-BD2D-42A7-A0AB-A5CAE479670C}
	EndGlobalSection
EndGlobal
