
Microsoft Visual Studio Solution File, Format Version 12.00
# Visual Studio Version 16
VisualStudioVersion = 16.0.32126.315
MinimumVisualStudioVersion = 10.0.40219.1
Project("{FAE04EC0-301F-11D3-BF4B-00C04F79EFBC}") = "DiffieHellman_Algorithm", "DiffieHellman_Algorithm.csproj", "{EF0F8ABC-2993-4B45-B8C8-5B7425EAAA3A}"
EndProject
Global
	GlobalSection(SolutionConfigurationPlatforms) = preSolution
		Debug|Any CPU = Debug|Any CPU
		Release|Any CPU = Release|Any CPU
	EndGlobalSection
	GlobalSection(ProjectConfigurationPlatforms) = postSolution
		{EF0F8ABC-2993-4B45-B8C8-5B7425EAAA3A}.Debug|Any CPU.ActiveCfg = Debug|Any CPU
		{EF0F8ABC-2993-4B45-B8C8-5B7425EAAA3A}.Debug|Any CPU.Build.0 = Debug|Any CPU
		{EF0F8ABC-2993-4B45-B8C8-5B7425EAAA3A}.Release|Any CPU.ActiveCfg = Release|Any CPU
		{EF0F8ABC-2993-4B45-B8C8-5B7425EAAA3A}.Release|Any CPU.Build.0 = Release|Any CPU
	EndGlobalSection
	GlobalSection(SolutionProperties) = preSolution
		HideSolutionNode = FALSE
	EndGlobalSection
	GlobalSection(ExtensibilityGlobals) = postSolution
		SolutionGuid = {537EBD1B-03E1-490A-A995-13FE110169A6}
	EndGlobalSection
EndGlobal
